// !$*UTF8*$!
{
	archiveVersion = 1;
	classes = {
	};
	objectVersion = 55;
	objects = {

/* Begin PBXBuildFile section */
		F5924E1C27292386006AA0F3 /* AppDelegate.swift in Sources */ = {isa = PBXBuildFile; fileRef = F5924E1B27292386006AA0F3 /* AppDelegate.swift */; };
		F5924E1E27292386006AA0F3 /* SceneDelegate.swift in Sources */ = {isa = PBXBuildFile; fileRef = F5924E1D27292386006AA0F3 /* SceneDelegate.swift */; };
		F5924E2027292386006AA0F3 /* AjoutViewController.swift in Sources */ = {isa = PBXBuildFile; fileRef = F5924E1F27292386006AA0F3 /* AjoutViewController.swift */; };
		F5924E2327292387006AA0F3 /* Main.storyboard in Resources */ = {isa = PBXBuildFile; fileRef = F5924E2127292387006AA0F3 /* Main.storyboard */; };
		F5924E2627292387006AA0F3 /* Blibliotheque.xcdatamodeld in Sources */ = {isa = PBXBuildFile; fileRef = F5924E2427292387006AA0F3 /* Blibliotheque.xcdatamodeld */; };
		F5924E28272923BC006AA0F3 /* Assets.xcassets in Resources */ = {isa = PBXBuildFile; fileRef = F5924E27272923BC006AA0F3 /* Assets.xcassets */; };
		F5924E2B272923BC006AA0F3 /* LaunchScreen.storyboard in Resources */ = {isa = PBXBuildFile; fileRef = F5924E29272923BC006AA0F3 /* LaunchScreen.storyboard */; };
		F5924E3327293D9F006AA0F3 /* ListeEmpruntTVC.swift in Sources */ = {isa = PBXBuildFile; fileRef = F5924E3227293D9F006AA0F3 /* ListeEmpruntTVC.swift */; };
		F5924E3527293E14006AA0F3 /* EmpruntCell.swift in Sources */ = {isa = PBXBuildFile; fileRef = F5924E3427293E14006AA0F3 /* EmpruntCell.swift */; };
		F5924E3A2729440A006AA0F3 /* PersonneMO+CoreDataClass.swift in Sources */ = {isa = PBXBuildFile; fileRef = F5924E362729440A006AA0F3 /* PersonneMO+CoreDataClass.swift */; };
		F5924E3B2729440A006AA0F3 /* PersonneMO+CoreDataProperties.swift in Sources */ = {isa = PBXBuildFile; fileRef = F5924E372729440A006AA0F3 /* PersonneMO+CoreDataProperties.swift */; };
		F5924E3C2729440A006AA0F3 /* EmpruntMO+CoreDataClass.swift in Sources */ = {isa = PBXBuildFile; fileRef = F5924E382729440A006AA0F3 /* EmpruntMO+CoreDataClass.swift */; };
		F5924E3D2729440A006AA0F3 /* EmpruntMO+CoreDataProperties.swift in Sources */ = {isa = PBXBuildFile; fileRef = F5924E392729440A006AA0F3 /* EmpruntMO+CoreDataProperties.swift */; };
/* End PBXBuildFile section */

/* Begin PBXFileReference section */
		F5924E1827292386006AA0F3 /* Blibliotheque.app */ = {isa = PBXFileReference; explicitFileType = wrapper.application; includeInIndex = 0; path = Blibliotheque.app; sourceTree = BUILT_PRODUCTS_DIR; };
		F5924E1B27292386006AA0F3 /* AppDelegate.swift */ = {isa = PBXFileReference; lastKnownFileType = sourcecode.swift; path = AppDelegate.swift; sourceTree = "<group>"; };
		F5924E1D27292386006AA0F3 /* SceneDelegate.swift */ = {isa = PBXFileReference; lastKnownFileType = sourcecode.swift; path = SceneDelegate.swift; sourceTree = "<group>"; };
		F5924E1F27292386006AA0F3 /* AjoutViewController.swift */ = {isa = PBXFileReference; lastKnownFileType = sourcecode.swift; path = AjoutViewController.swift; sourceTree = "<group>"; };
		F5924E2227292387006AA0F3 /* Base */ = {isa = PBXFileReference; lastKnownFileType = file.storyboard; name = Base; path = Base.lproj/Main.storyboard; sourceTree = "<group>"; };
		F5924E2527292387006AA0F3 /* Blibliotheque.xcdatamodel */ = {isa = PBXFileReference; lastKnownFileType = wrapper.xcdatamodel; path = Blibliotheque.xcdatamodel; sourceTree = "<group>"; };
		F5924E27272923BC006AA0F3 /* Assets.xcassets */ = {isa = PBXFileReference; lastKnownFileType = folder.assetcatalog; path = Assets.xcassets; sourceTree = "<group>"; };
		F5924E2A272923BC006AA0F3 /* Base */ = {isa = PBXFileReference; lastKnownFileType = file.storyboard; name = Base; path = Base.lproj/LaunchScreen.storyboard; sourceTree = "<group>"; };
		F5924E2C272923BC006AA0F3 /* Info.plist */ = {isa = PBXFileReference; lastKnownFileType = text.plist.xml; path = Info.plist; sourceTree = "<group>"; };
		F5924E3227293D9F006AA0F3 /* ListeEmpruntTVC.swift */ = {isa = PBXFileReference; lastKnownFileType = sourcecode.swift; path = ListeEmpruntTVC.swift; sourceTree = "<group>"; };
		F5924E3427293E14006AA0F3 /* EmpruntCell.swift */ = {isa = PBXFileReference; lastKnownFileType = sourcecode.swift; path = EmpruntCell.swift; sourceTree = "<group>"; };
		F5924E362729440A006AA0F3 /* PersonneMO+CoreDataClass.swift */ = {isa = PBXFileReference; lastKnownFileType = sourcecode.swift; name = "PersonneMO+CoreDataClass.swift"; path = "Blibliotheque/PersonneMO+CoreDataClass.swift"; sourceTree = "<group>"; };
		F5924E372729440A006AA0F3 /* PersonneMO+CoreDataProperties.swift */ = {isa = PBXFileReference; lastKnownFileType = sourcecode.swift; name = "PersonneMO+CoreDataProperties.swift"; path = "Blibliotheque/PersonneMO+CoreDataProperties.swift"; sourceTree = "<group>"; };
		F5924E382729440A006AA0F3 /* EmpruntMO+CoreDataClass.swift */ = {isa = PBXFileReference; lastKnownFileType = sourcecode.swift; name = "EmpruntMO+CoreDataClass.swift"; path = "Blibliotheque/EmpruntMO+CoreDataClass.swift"; sourceTree = "<group>"; };
		F5924E392729440A006AA0F3 /* EmpruntMO+CoreDataProperties.swift */ = {isa = PBXFileReference; lastKnownFileType = sourcecode.swift; name = "EmpruntMO+CoreDataProperties.swift"; path = "Blibliotheque/EmpruntMO+CoreDataProperties.swift"; sourceTree = "<group>"; };
/* End PBXFileReference section */

/* Begin PBXFrameworksBuildPhase section */
		F5924E1527292386006AA0F3 /* Frameworks */ = {
			isa = PBXFrameworksBuildPhase;
			buildActionMask = 2147483647;
			files = (
			);
			runOnlyForDeploymentPostprocessing = 0;
		};
/* End PBXFrameworksBuildPhase section */

/* Begin PBXGroup section */
		F5924E0F27292386006AA0F3 = {
			isa = PBXGroup;
			children = (
				F5924E362729440A006AA0F3 /* PersonneMO+CoreDataClass.swift */,
				F5924E372729440A006AA0F3 /* PersonneMO+CoreDataProperties.swift */,
				F5924E382729440A006AA0F3 /* EmpruntMO+CoreDataClass.swift */,
				F5924E392729440A006AA0F3 /* EmpruntMO+CoreDataProperties.swift */,
				F5924E1A27292386006AA0F3 /* Blibliotheque */,
				F5924E1927292386006AA0F3 /* Products */,
			);
			sourceTree = "<group>";
		};
		F5924E1927292386006AA0F3 /* Products */ = {
			isa = PBXGroup;
			children = (
				F5924E1827292386006AA0F3 /* Blibliotheque.app */,
			);
			name = Products;
			sourceTree = "<group>";
		};
		F5924E1A27292386006AA0F3 /* Blibliotheque */ = {
			isa = PBXGroup;
			children = (
				F5924E1B27292386006AA0F3 /* AppDelegate.swift */,
				F5924E1D27292386006AA0F3 /* SceneDelegate.swift */,
				F5924E1F27292386006AA0F3 /* AjoutViewController.swift */,
				F5924E2127292387006AA0F3 /* Main.storyboard */,
				F5924E3227293D9F006AA0F3 /* ListeEmpruntTVC.swift */,
				F5924E3427293E14006AA0F3 /* EmpruntCell.swift */,
				F5924E27272923BC006AA0F3 /* Assets.xcassets */,
				F5924E29272923BC006AA0F3 /* LaunchScreen.storyboard */,
				F5924E2C272923BC006AA0F3 /* Info.plist */,
				F5924E2427292387006AA0F3 /* Blibliotheque.xcdatamodeld */,
			);
			path = Blibliotheque;
			sourceTree = "<group>";
		};
/* End PBXGroup section */

/* Begin PBXNativeTarget section */
		F5924E1727292386006AA0F3 /* Blibliotheque */ = {
			isa = PBXNativeTarget;
			buildConfigurationList = F5924E2F272923BC006AA0F3 /* Build configuration list for PBXNativeTarget "Blibliotheque" */;
			buildPhases = (
				F5924E1427292386006AA0F3 /* Sources */,
				F5924E1527292386006AA0F3 /* Frameworks */,
				F5924E1627292386006AA0F3 /* Resources */,
			);
			buildRules = (
			);
			dependencies = (
			);
			name = Blibliotheque;
			productName = Blibliotheque;
			productReference = F5924E1827292386006AA0F3 /* Blibliotheque.app */;
			productType = "com.apple.product-type.application";
		};
/* End PBXNativeTarget section */

/* Begin PBXProject section */
		F5924E1027292386006AA0F3 /* Project object */ = {
			isa = PBXProject;
			attributes = {
				BuildIndependentTargetsInParallel = 1;
				LastSwiftUpdateCheck = 1300;
				LastUpgradeCheck = 1300;
				TargetAttributes = {
					F5924E1727292386006AA0F3 = {
						CreatedOnToolsVersion = 13.0;
					};
				};
			};
			buildConfigurationList = F5924E1327292386006AA0F3 /* Build configuration list for PBXProject "Blibliotheque" */;
			compatibilityVersion = "Xcode 13.0";
			developmentRegion = en;
			hasScannedForEncodings = 0;
			knownRegions = (
				en,
				Base,
			);
			mainGroup = F5924E0F27292386006AA0F3;
			productRefGroup = F5924E1927292386006AA0F3 /* Products */;
			projectDirPath = "";
			projectRoot = "";
			targets = (
				F5924E1727292386006AA0F3 /* Blibliotheque */,
			);
		};
/* End PBXProject section */

/* Begin PBXResourcesBuildPhase section */
		F5924E1627292386006AA0F3 /* Resources */ = {
			isa = PBXResourcesBuildPhase;
			buildActionMask = 2147483647;
			files = (
				F5924E2B272923BC006AA0F3 /* LaunchScreen.storyboard in Resources */,
				F5924E28272923BC006AA0F3 /* Assets.xcassets in Resources */,
				F5924E2327292387006AA0F3 /* Main.storyboard in Resources */,
			);
			runOnlyForDeploymentPostprocessing = 0;
		};
/* End PBXResourcesBuildPhase section */

/* Begin PBXSourcesBuildPhase section */
		F5924E1427292386006AA0F3 /* Sources */ = {
			isa = PBXSourcesBuildPhase;
			buildActionMask = 2147483647;
			files = (
				F5924E3A2729440A006AA0F3 /* PersonneMO+CoreDataClass.swift in Sources */,
				F5924E2027292386006AA0F3 /* AjoutViewController.swift in Sources */,
				F5924E3527293E14006AA0F3 /* EmpruntCell.swift in Sources */,
				F5924E3D2729440A006AA0F3 /* EmpruntMO+CoreDataProperties.swift in Sources */,
				F5924E3327293D9F006AA0F3 /* ListeEmpruntTVC.swift in Sources */,
				F5924E1C27292386006AA0F3 /* AppDelegate.swift in Sources */,
				F5924E1E27292386006AA0F3 /* SceneDelegate.swift in Sources */,
				F5924E3C2729440A006AA0F3 /* EmpruntMO+CoreDataClass.swift in Sources */,
				F5924E2627292387006AA0F3 /* Blibliotheque.xcdatamodeld in Sources */,
				F5924E3B2729440A006AA0F3 /* PersonneMO+CoreDataProperties.swift in Sources */,
			);
			runOnlyForDeploymentPostprocessing = 0;
		};
/* End PBXSourcesBuildPhase section */

/* Begin PBXVariantGroup section */
		F5924E2127292387006AA0F3 /* Main.storyboard */ = {
			isa = PBXVariantGroup;
			children = (
				F5924E2227292387006AA0F3 /* Base */,
			);
			name = Main.storyboard;
			sourceTree = "<group>";
		};
		F5924E29272923BC006AA0F3 /* LaunchScreen.storyboard */ = {
			isa = PBXVariantGroup;
			children = (
				F5924E2A272923BC006AA0F3 /* Base */,
			);
			name = LaunchScreen.storyboard;
			sourceTree = "<group>";
		};
/* End PBXVariantGroup section */

/* Begin XCBuildConfiguration section */
		F5924E2D272923BC006AA0F3 /* Debug */ = {
			isa = XCBuildConfiguration;
			buildSettings = {
				ALWAYS_SEARCH_USER_PATHS = NO;
				CLANG_ANALYZER_NONNULL = YES;
				CLANG_ANALYZER_NUMBER_OBJECT_CONVERSION = YES_AGGRESSIVE;
				CLANG_CXX_LANGUAGE_STANDARD = "gnu++17";
				CLANG_CXX_LIBRARY = "libc++";
				CLANG_ENABLE_MODULES = YES;
				CLANG_ENABLE_OBJC_ARC = YES;
				CLANG_ENABLE_OBJC_WEAK = YES;
				CLANG_WARN_BLOCK_CAPTURE_AUTORELEASING = YES;
				CLANG_WARN_BOOL_CONVERSION = YES;
				CLANG_WARN_COMMA = YES;
				CLANG_WARN_CONSTANT_CONVERSION = YES;
				CLANG_WARN_DEPRECATED_OBJC_IMPLEMENTATIONS = YES;
				CLANG_WARN_DIRECT_OBJC_ISA_USAGE = YES_ERROR;
				CLANG_WARN_DOCUMENTATION_COMMENTS = YES;
				CLANG_WARN_EMPTY_BODY = YES;
				CLANG_WARN_ENUM_CONVERSION = YES;
				CLANG_WARN_INFINITE_RECURSION = YES;
				CLANG_WARN_INT_CONVERSION = YES;
				CLANG_WARN_NON_LITERAL_NULL_CONVERSION = YES;
				CLANG_WARN_OBJC_IMPLICIT_RETAIN_SELF = YES;
				CLANG_WARN_OBJC_LITERAL_CONVERSION = YES;
				CLANG_WARN_OBJC_ROOT_CLASS = YES_ERROR;
				CLANG_WARN_QUOTED_INCLUDE_IN_FRAMEWORK_HEADER = YES;
				CLANG_WARN_RANGE_LOOP_ANALYSIS = YES;
				CLANG_WARN_STRICT_PROTOTYPES = YES;
				CLANG_WARN_SUSPICIOUS_MOVE = YES;
				CLANG_WARN_UNGUARDED_AVAILABILITY = YES_AGGRESSIVE;
				CLANG_WARN_UNREACHABLE_CODE = YES;
				CLANG_WARN__DUPLICATE_METHOD_MATCH = YES;
				COPY_PHASE_STRIP = NO;
				DEBUG_INFORMATION_FORMAT = dwarf;
				ENABLE_STRICT_OBJC_MSGSEND = YES;
				ENABLE_TESTABILITY = YES;
				GCC_C_LANGUAGE_STANDARD = gnu11;
				GCC_DYNAMIC_NO_PIC = NO;
				GCC_NO_COMMON_BLOCKS = YES;
				GCC_OPTIMIZATION_LEVEL = 0;
				GCC_PREPROCESSOR_DEFINITIONS = (
					"DEBUG=1",
					"$(inherited)",
				);
				GCC_WARN_64_TO_32_BIT_CONVERSION = YES;
				GCC_WARN_ABOUT_RETURN_TYPE = YES_ERROR;
				GCC_WARN_UNDECLARED_SELECTOR = YES;
				GCC_WARN_UNINITIALIZED_AUTOS = YES_AGGRESSIVE;
				GCC_WARN_UNUSED_FUNCTION = YES;
				GCC_WARN_UNUSED_VARIABLE = YES;
				IPHONEOS_DEPLOYMENT_TARGET = 15.0;
				MTL_ENABLE_DEBUG_INFO = INCLUDE_SOURCE;
				MTL_FAST_MATH = YES;
				ONLY_ACTIVE_ARCH = YES;
				SDKROOT = iphoneos;
				SWIFT_ACTIVE_COMPILATION_CONDITIONS = DEBUG;
				SWIFT_OPTIMIZATION_LEVEL = "-Onone";
			};
			name = Debug;
		};
		F5924E2E272923BC006AA0F3 /* Release */ = {
			isa = XCBuildConfiguration;
			buildSettings = {
				ALWAYS_SEARCH_USER_PATHS = NO;
				CLANG_ANALYZER_NONNULL = YES;
				CLANG_ANALYZER_NUMBER_OBJECT_CONVERSION = YES_AGGRESSIVE;
				CLANG_CXX_LANGUAGE_STANDARD = "gnu++17";
				CLANG_CXX_LIBRARY = "libc++";
				CLANG_ENABLE_MODULES = YES;
				CLANG_ENABLE_OBJC_ARC = YES;
				CLANG_ENABLE_OBJC_WEAK = YES;
				CLANG_WARN_BLOCK_CAPTURE_AUTORELEASING = YES;
				CLANG_WARN_BOOL_CONVERSION = YES;
				CLANG_WARN_COMMA = YES;
				CLANG_WARN_CONSTANT_CONVERSION = YES;
				CLANG_WARN_DEPRECATED_OBJC_IMPLEMENTATIONS = YES;
				CLANG_WARN_DIRECT_OBJC_ISA_USAGE = YES_ERROR;
				CLANG_WARN_DOCUMENTATION_COMMENTS = YES;
				CLANG_WARN_EMPTY_BODY = YES;
				CLANG_WARN_ENUM_CONVERSION = YES;
				CLANG_WARN_INFINITE_RECURSION = YES;
				CLANG_WARN_INT_CONVERSION = YES;
				CLANG_WARN_NON_LITERAL_NULL_CONVERSION = YES;
				CLANG_WARN_OBJC_IMPLICIT_RETAIN_SELF = YES;
				CLANG_WARN_OBJC_LITERAL_CONVERSION = YES;
				CLANG_WARN_OBJC_ROOT_CLASS = YES_ERROR;
				CLANG_WARN_QUOTED_INCLUDE_IN_FRAMEWORK_HEADER = YES;
				CLANG_WARN_RANGE_LOOP_ANALYSIS = YES;
				CLANG_WARN_STRICT_PROTOTYPES = YES;
				CLANG_WARN_SUSPICIOUS_MOVE = YES;
				CLANG_WARN_UNGUARDED_AVAILABILITY = YES_AGGRESSIVE;
				CLANG_WARN_UNREACHABLE_CODE = YES;
				CLANG_WARN__DUPLICATE_METHOD_MATCH = YES;
				COPY_PHASE_STRIP = NO;
				DEBUG_INFORMATION_FORMAT = "dwarf-with-dsym";
				ENABLE_NS_ASSERTIONS = NO;
				ENABLE_STRICT_OBJC_MSGSEND = YES;
				GCC_C_LANGUAGE_STANDARD = gnu11;
				GCC_NO_COMMON_BLOCKS = YES;
				GCC_WARN_64_TO_32_BIT_CONVERSION = YES;
				GCC_WARN_ABOUT_RETURN_TYPE = YES_ERROR;
				GCC_WARN_UNDECLARED_SELECTOR = YES;
				GCC_WARN_UNINITIALIZED_AUTOS = YES_AGGRESSIVE;
				GCC_WARN_UNUSED_FUNCTION = YES;
				GCC_WARN_UNUSED_VARIABLE = YES;
				IPHONEOS_DEPLOYMENT_TARGET = 15.0;
				MTL_ENABLE_DEBUG_INFO = NO;
				MTL_FAST_MATH = YES;
				SDKROOT = iphoneos;
				SWIFT_COMPILATION_MODE = wholemodule;
				SWIFT_OPTIMIZATION_LEVEL = "-O";
				VALIDATE_PRODUCT = YES;
			};
			name = Release;
		};
		F5924E30272923BC006AA0F3 /* Debug */ = {
			isa = XCBuildConfiguration;
			buildSettings = {
				ASSETCATALOG_COMPILER_APPICON_NAME = AppIcon;
				ASSETCATALOG_COMPILER_GLOBAL_ACCENT_COLOR_NAME = AccentColor;
				CODE_SIGN_STYLE = Automatic;
				CURRENT_PROJECT_VERSION = 1;
				GENERATE_INFOPLIST_FILE = YES;
				INFOPLIST_FILE = Blibliotheque/Info.plist;
				INFOPLIST_KEY_UIApplicationSupportsIndirectInputEvents = YES;
				INFOPLIST_KEY_UILaunchStoryboardName = LaunchScreen;
				INFOPLIST_KEY_UIMainStoryboardFile = Main;
				INFOPLIST_KEY_UISupportedInterfaceOrientations_iPad = "UIInterfaceOrientationPortrait UIInterfaceOrientationPortraitUpsideDown UIInterfaceOrientationLandscapeLeft UIInterfaceOrientationLandscapeRight";
				INFOPLIST_KEY_UISupportedInterfaceOrientations_iPhone = "UIInterfaceOrientationPortrait UIInterfaceOrientationLandscapeLeft UIInterfaceOrientationLandscapeRight";
				LD_RUNPATH_SEARCH_PATHS = (
					"$(inherited)",
					"@executable_path/Frameworks",
				);
				MARKETING_VERSION = 1.0;
				PRODUCT_BUNDLE_IDENTIFIER = "UPPA-L3.Blibliotheque";
				PRODUCT_NAME = "$(TARGET_NAME)";
				SWIFT_EMIT_LOC_STRINGS = YES;
				SWIFT_VERSION = 5.0;
				TARGETED_DEVICE_FAMILY = "1,2";
			};
			name = Debug;
		};
		F5924E31272923BC006AA0F3 /* Release */ = {
			isa = XCBuildConfiguration;
			buildSettings = {
				ASSETCATALOG_COMPILER_APPICON_NAME = AppIcon;
				ASSETCATALOG_COMPILER_GLOBAL_ACCENT_COLOR_NAME = AccentColor;
				CODE_SIGN_STYLE = Automatic;
				CURRENT_PROJECT_VERSION = 1;
				GENERATE_INFOPLIST_FILE = YES;
				INFOPLIST_FILE = Blibliotheque/Info.plist;
				INFOPLIST_KEY_UIApplicationSupportsIndirectInputEvents = YES;
				INFOPLIST_KEY_UILaunchStoryboardName = LaunchScreen;
				INFOPLIST_KEY_UIMainStoryboardFile = Main;
				INFOPLIST_KEY_UISupportedInterfaceOrientations_iPad = "UIInterfaceOrientationPortrait UIInterfaceOrientationPortraitUpsideDown UIInterfaceOrientationLandscapeLeft UIInterfaceOrientationLandscapeRight";
				INFOPLIST_KEY_UISupportedInterfaceOrientations_iPhone = "UIInterfaceOrientationPortrait UIInterfaceOrientationLandscapeLeft UIInterfaceOrientationLandscapeRight";
				LD_RUNPATH_SEARCH_PATHS = (
					"$(inherited)",
					"@executable_path/Frameworks",
				);
				MARKETING_VERSION = 1.0;
				PRODUCT_BUNDLE_IDENTIFIER = "UPPA-L3.Blibliotheque";
				PRODUCT_NAME = "$(TARGET_NAME)";
				SWIFT_EMIT_LOC_STRINGS = YES;
				SWIFT_VERSION = 5.0;
				TARGETED_DEVICE_FAMILY = "1,2";
			};
			name = Release;
		};
/* End XCBuildConfiguration section */

/* Begin XCConfigurationList section */
		F5924E1327292386006AA0F3 /* Build configuration list for PBXProject "Blibliotheque" */ = {
			isa = XCConfigurationList;
			buildConfigurations = (
				F5924E2D272923BC006AA0F3 /* Debug */,
				F5924E2E272923BC006AA0F3 /* Release */,
			);
			defaultConfigurationIsVisible = 0;
			defaultConfigurationName = Release;
		};
		F5924E2F272923BC006AA0F3 /* Build configuration list for PBXNativeTarget "Blibliotheque" */ = {
			isa = XCConfigurationList;
			buildConfigurations = (
				F5924E30272923BC006AA0F3 /* Debug */,
				F5924E31272923BC006AA0F3 /* Release */,
			);
			defaultConfigurationIsVisible = 0;
			defaultConfigurationName = Release;
		};
/* End XCConfigurationList section */

/* Begin XCVersionGroup section */
		F5924E2427292387006AA0F3 /* Blibliotheque.xcdatamodeld */ = {
			isa = XCVersionGroup;
			children = (
				F5924E2527292387006AA0F3 /* Blibliotheque.xcdatamodel */,
			);
			currentVersion = F5924E2527292387006AA0F3 /* Blibliotheque.xcdatamodel */;
			path = Blibliotheque.xcdatamodeld;
			sourceTree = "<group>";
			versionGroupType = wrapper.xcdatamodel;
		};
/* End XCVersionGroup section */
	};
	rootObject = F5924E1027292386006AA0F3 /* Project object */;
}
